
Microsoft Visual Studio Solution File, Format Version 12.00
# Visual Studio Version 17
VisualStudioVersion = 17.5.33530.505
MinimumVisualStudioVersion = 10.0.40219.1
Project("{FAE04EC0-301F-11D3-BF4B-00C04F79EFBC}") = "5lr", "5lr\5lr.csproj", "{4293E922-B24B-4EDC-9419-458F12D5EE56}"
EndProject
Global
	GlobalSection(SolutionConfigurationPlatforms) = preSolution
		Debug|Any CPU = Debug|Any CPU
		Release|Any CPU = Release|Any CPU
	EndGlobalSection
	GlobalSection(ProjectConfigurationPlatforms) = postSolution
		{4293E922-B24B-4EDC-9419-458F12D5EE56}.Debug|Any CPU.ActiveCfg = Debug|Any CPU
		{4293E922-B24B-4EDC-9419-458F12D5EE56}.Debug|Any CPU.Build.0 = Debug|Any CPU
		{4293E922-B24B-4EDC-9419-458F12D5EE56}.Release|Any CPU.ActiveCfg = Release|Any CPU
		{4293E922-B24B-4EDC-9419-458F12D5EE56}.Release|Any CPU.Build.0 = Release|Any CPU
	EndGlobalSection
	GlobalSection(SolutionProperties) = preSolution
		HideSolutionNode = FALSE
	EndGlobalSection
	GlobalSection(ExtensibilityGlobals) = postSolution
		SolutionGuid = {885430F6-547D-4CB5-81FD-1674F91302CB}
	EndGlobalSection
EndGlobal
